{
  "requires": true,
  "lockfileVersion": 1,
  "dependencies": {
    "cordova-plugin-dialogs": {
      "version": "2.0.2",
      "resolved": "https://registry.npmjs.org/cordova-plugin-dialogs/-/cordova-plugin-dialogs-2.0.2.tgz",
      "integrity": "sha512-FUHI6eEVeoz2VkxbF0P56QlUQLGzXcvw3i4xuXyM9gEct6Y+FA3Xzgl2pJTZcTg5wRqLWzN08kgNoHPkom15pw=="
    },
    "sweetalert2": {
      "version": "9.5.3",
      "resolved": "https://registry.npmjs.org/sweetalert2/-/sweetalert2-9.5.3.tgz",
      "integrity": "sha512-4wzLUCmVby3NPQC8XHp0HRJgTm5tbAO7OOaqabATNe0U6JN/oyBTS7iJJG9V83MpcP6MLDUEWcGO/Y8i6g2jYw=="
    }
  }
}
